
Microsoft Visual Studio Solution File, Format Version 12.00
# Visual Studio Version 16
VisualStudioVersion = 16.0.28729.10
MinimumVisualStudioVersion = 10.0.40219.1
Project("{FAE04EC0-301F-11D3-BF4B-00C04F79EFBC}") = "Lenovo.Modern.ImController.PluginHost.2", "Lenovo.Modern.ImController.PluginHost.2\Lenovo.Modern.ImController.PluginHost.2.csproj", "{BEDE79C8-F13D-492E-A4BF-79EACCBDF586}"
EndProject
Project("{FAE04EC0-301F-11D3-BF4B-00C04F79EFBC}") = "Lenovo.Modern.ImController.PluginHost.3", "Lenovo.Modern.ImController.PluginHost.3\Lenovo.Modern.ImController.PluginHost.3.csproj", "{BEDE79C8-F13D-492E-A4BF-79EACCBDF583}"
EndProject
Project("{FAE04EC0-301F-11D3-BF4B-00C04F79EFBC}") = "Lenovo.Modern.ImController.PluginHost.4", "Lenovo.Modern.ImController.PluginHost.4\Lenovo.Modern.ImController.PluginHost.4.csproj", "{BEDE79C8-F13D-492E-A4BF-79EACCBDF585}"
EndProject
Project("{FAE04EC0-301F-11D3-BF4B-00C04F79EFBC}") = "Lenovo.Modern.ImController.PluginHost", "Lenovo.Modern.ImController.PluginHost\Lenovo.Modern.ImController.PluginHost.csproj", "{BEDE79C8-F13D-492E-A4BF-79EACCBDF584}"
EndProject
Project("{FAE04EC0-301F-11D3-BF4B-00C04F79EFBC}") = "Lenovo.Modern.ImController", "Lenovo.Modern.ImController\Lenovo.Modern.ImController.csproj", "{BEDE79C8-F13D-492E-A4BF-79EACCBDF594}"
EndProject
Project("{FAE04EC0-301F-11D3-BF4B-00C04F79EFBC}") = "GenericCorePlugin", "GenericCorePlugin\GenericCorePlugin.csproj", "{BEDE79C8-F13D-492E-A4BF-79EACCBDF58A}"
EndProject
Project("{FAE04EC0-301F-11D3-BF4B-00C04F79EFBC}") = "Lenovo.CertificateValidation.2", "Lenovo.CertificateValidation.2\Lenovo.CertificateValidation.2.csproj", "{BEDE79C8-F13D-492E-A4BF-79EACCBDF58F}"
EndProject
Project("{FAE04EC0-301F-11D3-BF4B-00C04F79EFBC}") = "Lenovo.CertificateValidation", "Lenovo.CertificateValidation\Lenovo.CertificateValidation.csproj", "{BEDE79C8-F13D-492E-A4BF-79EACCBDF57E}"
EndProject
Project("{FAE04EC0-301F-11D3-BF4B-00C04F79EFBC}") = "Lenovo.ImController.EventLogging.2", "Lenovo.ImController.EventLogging.2\Lenovo.ImController.EventLogging.2.csproj", "{BEDE79C8-F13D-492E-A4BF-79EACCBDF57F}"
EndProject
Project("{FAE04EC0-301F-11D3-BF4B-00C04F79EFBC}") = "Lenovo.ImController.EventLogging.3", "Lenovo.ImController.EventLogging.3\Lenovo.ImController.EventLogging.3.csproj", "{BEDE79C8-F13D-492E-A4BF-79EACCBDF58B}"
EndProject
Project("{FAE04EC0-301F-11D3-BF4B-00C04F79EFBC}") = "Lenovo.ImController.EventLogging", "Lenovo.ImController.EventLogging\Lenovo.ImController.EventLogging.csproj", "{BEDE79C8-F13D-492E-A4BF-79EACCBDF590}"
EndProject
Project("{FAE04EC0-301F-11D3-BF4B-00C04F79EFBC}") = "Lenovo.Modern.CoreTypes.2", "Lenovo.Modern.CoreTypes.2\Lenovo.Modern.CoreTypes.2.csproj", "{BEDE79C8-F13D-492E-A4BF-79EACCBDF58C}"
EndProject
Project("{FAE04EC0-301F-11D3-BF4B-00C04F79EFBC}") = "Lenovo.Modern.CoreTypes.3", "Lenovo.Modern.CoreTypes.3\Lenovo.Modern.CoreTypes.3.csproj", "{BEDE79C8-F13D-492E-A4BF-79EACCBDF591}"
EndProject
Project("{FAE04EC0-301F-11D3-BF4B-00C04F79EFBC}") = "Lenovo.Modern.CoreTypes", "Lenovo.Modern.CoreTypes\Lenovo.Modern.CoreTypes.csproj", "{BEDE79C8-F13D-492E-A4BF-79EACCBDF580}"
EndProject
Project("{FAE04EC0-301F-11D3-BF4B-00C04F79EFBC}") = "Lenovo.Modern.ImController.ContractBroker", "Lenovo.Modern.ImController.ContractBroker\Lenovo.Modern.ImController.ContractBroker.csproj", "{BEDE79C8-F13D-492E-A4BF-79EACCBDF592}"
EndProject
Project("{FAE04EC0-301F-11D3-BF4B-00C04F79EFBC}") = "Lenovo.Modern.ImController.EventManager", "Lenovo.Modern.ImController.EventManager\Lenovo.Modern.ImController.EventManager.csproj", "{BEDE79C8-F13D-492E-A4BF-79EACCBDF593}"
EndProject
Project("{FAE04EC0-301F-11D3-BF4B-00C04F79EFBC}") = "Lenovo.Modern.ImController.ImClient.2", "Lenovo.Modern.ImController.ImClient.2\Lenovo.Modern.ImController.ImClient.2.csproj", "{BEDE79C8-F13D-492E-A4BF-79EACCBDF581}"
EndProject
Project("{FAE04EC0-301F-11D3-BF4B-00C04F79EFBC}") = "Lenovo.Modern.ImController.ImClient.3", "Lenovo.Modern.ImController.ImClient.3\Lenovo.Modern.ImController.ImClient.3.csproj", "{BEDE79C8-F13D-492E-A4BF-79EACCBDF595}"
EndProject
Project("{FAE04EC0-301F-11D3-BF4B-00C04F79EFBC}") = "Lenovo.Modern.ImController.ImClient", "Lenovo.Modern.ImController.ImClient\Lenovo.Modern.ImController.ImClient.csproj", "{BEDE79C8-F13D-492E-A4BF-79EACCBDF58D}"
EndProject
Project("{FAE04EC0-301F-11D3-BF4B-00C04F79EFBC}") = "Lenovo.Modern.ImController.PluginHost.AppDomain", "Lenovo.Modern.ImController.PluginHost.AppDomain\Lenovo.Modern.ImController.PluginHost.AppDomain.csproj", "{BEDE79C8-F13D-492E-A4BF-79EACCBDF582}"
EndProject
Project("{FAE04EC0-301F-11D3-BF4B-00C04F79EFBC}") = "Lenovo.Modern.ImController.PluginHost.UnmanagedPluginShim", "Lenovo.Modern.ImController.PluginHost.UnmanagedPluginShim\Lenovo.Modern.ImController.PluginHost.UnmanagedPluginShim.csproj", "{BEDE79C8-F13D-492E-A4BF-79EACCBDF587}"
EndProject
Project("{FAE04EC0-301F-11D3-BF4B-00C04F79EFBC}") = "Lenovo.Modern.ImController.PluginManager", "Lenovo.Modern.ImController.PluginManager\Lenovo.Modern.ImController.PluginManager.csproj", "{BEDE79C8-F13D-492E-A4BF-79EACCBDF596}"
EndProject
Project("{FAE04EC0-301F-11D3-BF4B-00C04F79EFBC}") = "Lenovo.Modern.ImController.Shared.2", "Lenovo.Modern.ImController.Shared.2\Lenovo.Modern.ImController.Shared.2.csproj", "{BEDE79C8-F13D-492E-A4BF-79EACCBDF597}"
EndProject
Project("{FAE04EC0-301F-11D3-BF4B-00C04F79EFBC}") = "Lenovo.Modern.ImController.Shared", "Lenovo.Modern.ImController.Shared\Lenovo.Modern.ImController.Shared.csproj", "{BEDE79C8-F13D-492E-A4BF-79EACCBDF588}"
EndProject
Project("{FAE04EC0-301F-11D3-BF4B-00C04F79EFBC}") = "Lenovo.Modern.ImController.UpdateManager", "Lenovo.Modern.ImController.UpdateManager\Lenovo.Modern.ImController.UpdateManager.csproj", "{BEDE79C8-F13D-492E-A4BF-79EACCBDF598}"
EndProject
Project("{FAE04EC0-301F-11D3-BF4B-00C04F79EFBC}") = "Lenovo.Modern.Utilities.2", "Lenovo.Modern.Utilities.2\Lenovo.Modern.Utilities.2.csproj", "{BEDE79C8-F13D-492E-A4BF-79EACCBDF589}"
EndProject
Project("{FAE04EC0-301F-11D3-BF4B-00C04F79EFBC}") = "Lenovo.Modern.Utilities.3", "Lenovo.Modern.Utilities.3\Lenovo.Modern.Utilities.3.csproj", "{BEDE79C8-F13D-492E-A4BF-79EACCBDF599}"
EndProject
Project("{FAE04EC0-301F-11D3-BF4B-00C04F79EFBC}") = "Lenovo.Modern.Utilities", "Lenovo.Modern.Utilities\Lenovo.Modern.Utilities.csproj", "{BEDE79C8-F13D-492E-A4BF-79EACCBDF58E}"
EndProject
Global
	GlobalSection(SolutionConfigurationPlatforms) = preSolution
		Debug|Any CPU = Debug|Any CPU
		Debug|Mixed Platforms = Debug|Mixed Platforms
		Debug|x64 = Debug|x64
		Release|Any CPU = Release|Any CPU
		Release|Mixed Platforms = Release|Mixed Platforms
		Release|x64 = Release|x64
	EndGlobalSection
	GlobalSection(ProjectConfigurationPlatforms) = postSolution
		{BEDE79C8-F13D-492E-A4BF-79EACCBDF586}.Debug|Any CPU.ActiveCfg = Debug|x64
		{BEDE79C8-F13D-492E-A4BF-79EACCBDF586}.Debug|Any CPU.Build.0 = Debug|x64
		{BEDE79C8-F13D-492E-A4BF-79EACCBDF586}.Debug|Mixed Platforms.ActiveCfg = Debug|x64
		{BEDE79C8-F13D-492E-A4BF-79EACCBDF586}.Debug|Mixed Platforms.Build.0 = Debug|x64
		{BEDE79C8-F13D-492E-A4BF-79EACCBDF586}.Debug|x64.ActiveCfg = Debug|x64
		{BEDE79C8-F13D-492E-A4BF-79EACCBDF586}.Debug|x64.Build.0 = Debug|x64
		{BEDE79C8-F13D-492E-A4BF-79EACCBDF586}.Release|Any CPU.ActiveCfg = Release|x64
		{BEDE79C8-F13D-492E-A4BF-79EACCBDF586}.Release|Any CPU.Build.0 = Release|x64
		{BEDE79C8-F13D-492E-A4BF-79EACCBDF586}.Release|Mixed Platforms.ActiveCfg = Release|x64
		{BEDE79C8-F13D-492E-A4BF-79EACCBDF586}.Release|Mixed Platforms.Build.0 = Release|x64
		{BEDE79C8-F13D-492E-A4BF-79EACCBDF586}.Release|x64.ActiveCfg = Release|x64
		{BEDE79C8-F13D-492E-A4BF-79EACCBDF586}.Release|x64.Build.0 = Release|x64
		{BEDE79C8-F13D-492E-A4BF-79EACCBDF583}.Debug|Any CPU.ActiveCfg = Debug|x64
		{BEDE79C8-F13D-492E-A4BF-79EACCBDF583}.Debug|Any CPU.Build.0 = Debug|x64
		{BEDE79C8-F13D-492E-A4BF-79EACCBDF583}.Debug|Mixed Platforms.ActiveCfg = Debug|x64
		{BEDE79C8-F13D-492E-A4BF-79EACCBDF583}.Debug|Mixed Platforms.Build.0 = Debug|x64
		{BEDE79C8-F13D-492E-A4BF-79EACCBDF583}.Debug|x64.ActiveCfg = Debug|x64
		{BEDE79C8-F13D-492E-A4BF-79EACCBDF583}.Debug|x64.Build.0 = Debug|x64
		{BEDE79C8-F13D-492E-A4BF-79EACCBDF583}.Release|Any CPU.ActiveCfg = Release|x64
		{BEDE79C8-F13D-492E-A4BF-79EACCBDF583}.Release|Any CPU.Build.0 = Release|x64
		{BEDE79C8-F13D-492E-A4BF-79EACCBDF583}.Release|Mixed Platforms.ActiveCfg = Release|x64
		{BEDE79C8-F13D-492E-A4BF-79EACCBDF583}.Release|Mixed Platforms.Build.0 = Release|x64
		{BEDE79C8-F13D-492E-A4BF-79EACCBDF583}.Release|x64.ActiveCfg = Release|x64
		{BEDE79C8-F13D-492E-A4BF-79EACCBDF583}.Release|x64.Build.0 = Release|x64
		{BEDE79C8-F13D-492E-A4BF-79EACCBDF585}.Debug|Any CPU.ActiveCfg = Debug|x64
		{BEDE79C8-F13D-492E-A4BF-79EACCBDF585}.Debug|Any CPU.Build.0 = Debug|x64
		{BEDE79C8-F13D-492E-A4BF-79EACCBDF585}.Debug|Mixed Platforms.ActiveCfg = Debug|x64
		{BEDE79C8-F13D-492E-A4BF-79EACCBDF585}.Debug|Mixed Platforms.Build.0 = Debug|x64
		{BEDE79C8-F13D-492E-A4BF-79EACCBDF585}.Debug|x64.ActiveCfg = Debug|x64
		{BEDE79C8-F13D-492E-A4BF-79EACCBDF585}.Debug|x64.Build.0 = Debug|x64
		{BEDE79C8-F13D-492E-A4BF-79EACCBDF585}.Release|Any CPU.ActiveCfg = Release|x64
		{BEDE79C8-F13D-492E-A4BF-79EACCBDF585}.Release|Any CPU.Build.0 = Release|x64
		{BEDE79C8-F13D-492E-A4BF-79EACCBDF585}.Release|Mixed Platforms.ActiveCfg = Release|x64
		{BEDE79C8-F13D-492E-A4BF-79EACCBDF585}.Release|Mixed Platforms.Build.0 = Release|x64
		{BEDE79C8-F13D-492E-A4BF-79EACCBDF585}.Release|x64.ActiveCfg = Release|x64
		{BEDE79C8-F13D-492E-A4BF-79EACCBDF585}.Release|x64.Build.0 = Release|x64
		{BEDE79C8-F13D-492E-A4BF-79EACCBDF584}.Debug|Any CPU.ActiveCfg = Debug|x64
		{BEDE79C8-F13D-492E-A4BF-79EACCBDF584}.Debug|Any CPU.Build.0 = Debug|x64
		{BEDE79C8-F13D-492E-A4BF-79EACCBDF584}.Debug|Mixed Platforms.ActiveCfg = Debug|x64
		{BEDE79C8-F13D-492E-A4BF-79EACCBDF584}.Debug|Mixed Platforms.Build.0 = Debug|x64
		{BEDE79C8-F13D-492E-A4BF-79EACCBDF584}.Debug|x64.ActiveCfg = Debug|x64
		{BEDE79C8-F13D-492E-A4BF-79EACCBDF584}.Debug|x64.Build.0 = Debug|x64
		{BEDE79C8-F13D-492E-A4BF-79EACCBDF584}.Release|Any CPU.ActiveCfg = Release|x64
		{BEDE79C8-F13D-492E-A4BF-79EACCBDF584}.Release|Any CPU.Build.0 = Release|x64
		{BEDE79C8-F13D-492E-A4BF-79EACCBDF584}.Release|Mixed Platforms.ActiveCfg = Release|x64
		{BEDE79C8-F13D-492E-A4BF-79EACCBDF584}.Release|Mixed Platforms.Build.0 = Release|x64
		{BEDE79C8-F13D-492E-A4BF-79EACCBDF584}.Release|x64.ActiveCfg = Release|x64
		{BEDE79C8-F13D-492E-A4BF-79EACCBDF584}.Release|x64.Build.0 = Release|x64
		{BEDE79C8-F13D-492E-A4BF-79EACCBDF594}.Debug|Any CPU.ActiveCfg = Debug|Any CPU
		{BEDE79C8-F13D-492E-A4BF-79EACCBDF594}.Debug|Any CPU.Build.0 = Debug|Any CPU
		{BEDE79C8-F13D-492E-A4BF-79EACCBDF594}.Debug|Mixed Platforms.ActiveCfg = Debug|Any CPU
		{BEDE79C8-F13D-492E-A4BF-79EACCBDF594}.Debug|Mixed Platforms.Build.0 = Debug|Any CPU
		{BEDE79C8-F13D-492E-A4BF-79EACCBDF594}.Debug|x64.ActiveCfg = Debug|Any CPU
		{BEDE79C8-F13D-492E-A4BF-79EACCBDF594}.Debug|x64.Build.0 = Debug|Any CPU
		{BEDE79C8-F13D-492E-A4BF-79EACCBDF594}.Release|Any CPU.ActiveCfg = Release|Any CPU
		{BEDE79C8-F13D-492E-A4BF-79EACCBDF594}.Release|Any CPU.Build.0 = Release|Any CPU
		{BEDE79C8-F13D-492E-A4BF-79EACCBDF594}.Release|Mixed Platforms.ActiveCfg = Release|Any CPU
		{BEDE79C8-F13D-492E-A4BF-79EACCBDF594}.Release|Mixed Platforms.Build.0 = Release|Any CPU
		{BEDE79C8-F13D-492E-A4BF-79EACCBDF594}.Release|x64.ActiveCfg = Release|Any CPU
		{BEDE79C8-F13D-492E-A4BF-79EACCBDF594}.Release|x64.Build.0 = Release|Any CPU
		{BEDE79C8-F13D-492E-A4BF-79EACCBDF58A}.Debug|Any CPU.ActiveCfg = Debug|x64
		{BEDE79C8-F13D-492E-A4BF-79EACCBDF58A}.Debug|Any CPU.Build.0 = Debug|x64
		{BEDE79C8-F13D-492E-A4BF-79EACCBDF58A}.Debug|Mixed Platforms.ActiveCfg = Debug|x64
		{BEDE79C8-F13D-492E-A4BF-79EACCBDF58A}.Debug|Mixed Platforms.Build.0 = Debug|x64
		{BEDE79C8-F13D-492E-A4BF-79EACCBDF58A}.Debug|x64.ActiveCfg = Debug|x64
		{BEDE79C8-F13D-492E-A4BF-79EACCBDF58A}.Debug|x64.Build.0 = Debug|x64
		{BEDE79C8-F13D-492E-A4BF-79EACCBDF58A}.Release|Any CPU.ActiveCfg = Release|x64
		{BEDE79C8-F13D-492E-A4BF-79EACCBDF58A}.Release|Any CPU.Build.0 = Release|x64
		{BEDE79C8-F13D-492E-A4BF-79EACCBDF58A}.Release|Mixed Platforms.ActiveCfg = Release|x64
		{BEDE79C8-F13D-492E-A4BF-79EACCBDF58A}.Release|Mixed Platforms.Build.0 = Release|x64
		{BEDE79C8-F13D-492E-A4BF-79EACCBDF58A}.Release|x64.ActiveCfg = Release|x64
		{BEDE79C8-F13D-492E-A4BF-79EACCBDF58A}.Release|x64.Build.0 = Release|x64
		{BEDE79C8-F13D-492E-A4BF-79EACCBDF58F}.Debug|Any CPU.ActiveCfg = Debug|Any CPU
		{BEDE79C8-F13D-492E-A4BF-79EACCBDF58F}.Debug|Any CPU.Build.0 = Debug|Any CPU
		{BEDE79C8-F13D-492E-A4BF-79EACCBDF58F}.Debug|Mixed Platforms.ActiveCfg = Debug|Any CPU
		{BEDE79C8-F13D-492E-A4BF-79EACCBDF58F}.Debug|Mixed Platforms.Build.0 = Debug|Any CPU
		{BEDE79C8-F13D-492E-A4BF-79EACCBDF58F}.Debug|x64.ActiveCfg = Debug|Any CPU
		{BEDE79C8-F13D-492E-A4BF-79EACCBDF58F}.Debug|x64.Build.0 = Debug|Any CPU
		{BEDE79C8-F13D-492E-A4BF-79EACCBDF58F}.Release|Any CPU.ActiveCfg = Release|Any CPU
		{BEDE79C8-F13D-492E-A4BF-79EACCBDF58F}.Release|Any CPU.Build.0 = Release|Any CPU
		{BEDE79C8-F13D-492E-A4BF-79EACCBDF58F}.Release|Mixed Platforms.ActiveCfg = Release|Any CPU
		{BEDE79C8-F13D-492E-A4BF-79EACCBDF58F}.Release|Mixed Platforms.Build.0 = Release|Any CPU
		{BEDE79C8-F13D-492E-A4BF-79EACCBDF58F}.Release|x64.ActiveCfg = Release|Any CPU
		{BEDE79C8-F13D-492E-A4BF-79EACCBDF58F}.Release|x64.Build.0 = Release|Any CPU
		{BEDE79C8-F13D-492E-A4BF-79EACCBDF57E}.Debug|Any CPU.ActiveCfg = Debug|Any CPU
		{BEDE79C8-F13D-492E-A4BF-79EACCBDF57E}.Debug|Any CPU.Build.0 = Debug|Any CPU
		{BEDE79C8-F13D-492E-A4BF-79EACCBDF57E}.Debug|Mixed Platforms.ActiveCfg = Debug|Any CPU
		{BEDE79C8-F13D-492E-A4BF-79EACCBDF57E}.Debug|Mixed Platforms.Build.0 = Debug|Any CPU
		{BEDE79C8-F13D-492E-A4BF-79EACCBDF57E}.Debug|x64.ActiveCfg = Debug|Any CPU
		{BEDE79C8-F13D-492E-A4BF-79EACCBDF57E}.Debug|x64.Build.0 = Debug|Any CPU
		{BEDE79C8-F13D-492E-A4BF-79EACCBDF57E}.Release|Any CPU.ActiveCfg = Release|Any CPU
		{BEDE79C8-F13D-492E-A4BF-79EACCBDF57E}.Release|Any CPU.Build.0 = Release|Any CPU
		{BEDE79C8-F13D-492E-A4BF-79EACCBDF57E}.Release|Mixed Platforms.ActiveCfg = Release|Any CPU
		{BEDE79C8-F13D-492E-A4BF-79EACCBDF57E}.Release|Mixed Platforms.Build.0 = Release|Any CPU
		{BEDE79C8-F13D-492E-A4BF-79EACCBDF57E}.Release|x64.ActiveCfg = Release|Any CPU
		{BEDE79C8-F13D-492E-A4BF-79EACCBDF57E}.Release|x64.Build.0 = Release|Any CPU
		{BEDE79C8-F13D-492E-A4BF-79EACCBDF57F}.Debug|Any CPU.ActiveCfg = Debug|Any CPU
		{BEDE79C8-F13D-492E-A4BF-79EACCBDF57F}.Debug|Any CPU.Build.0 = Debug|Any CPU
		{BEDE79C8-F13D-492E-A4BF-79EACCBDF57F}.Debug|Mixed Platforms.ActiveCfg = Debug|Any CPU
		{BEDE79C8-F13D-492E-A4BF-79EACCBDF57F}.Debug|Mixed Platforms.Build.0 = Debug|Any CPU
		{BEDE79C8-F13D-492E-A4BF-79EACCBDF57F}.Debug|x64.ActiveCfg = Debug|Any CPU
		{BEDE79C8-F13D-492E-A4BF-79EACCBDF57F}.Debug|x64.Build.0 = Debug|Any CPU
		{BEDE79C8-F13D-492E-A4BF-79EACCBDF57F}.Release|Any CPU.ActiveCfg = Release|Any CPU
		{BEDE79C8-F13D-492E-A4BF-79EACCBDF57F}.Release|Any CPU.Build.0 = Release|Any CPU
		{BEDE79C8-F13D-492E-A4BF-79EACCBDF57F}.Release|Mixed Platforms.ActiveCfg = Release|Any CPU
		{BEDE79C8-F13D-492E-A4BF-79EACCBDF57F}.Release|Mixed Platforms.Build.0 = Release|Any CPU
		{BEDE79C8-F13D-492E-A4BF-79EACCBDF57F}.Release|x64.ActiveCfg = Release|Any CPU
		{BEDE79C8-F13D-492E-A4BF-79EACCBDF57F}.Release|x64.Build.0 = Release|Any CPU
		{BEDE79C8-F13D-492E-A4BF-79EACCBDF58B}.Debug|Any CPU.ActiveCfg = Debug|Any CPU
		{BEDE79C8-F13D-492E-A4BF-79EACCBDF58B}.Debug|Any CPU.Build.0 = Debug|Any CPU
		{BEDE79C8-F13D-492E-A4BF-79EACCBDF58B}.Debug|Mixed Platforms.ActiveCfg = Debug|Any CPU
		{BEDE79C8-F13D-492E-A4BF-79EACCBDF58B}.Debug|Mixed Platforms.Build.0 = Debug|Any CPU
		{BEDE79C8-F13D-492E-A4BF-79EACCBDF58B}.Debug|x64.ActiveCfg = Debug|Any CPU
		{BEDE79C8-F13D-492E-A4BF-79EACCBDF58B}.Debug|x64.Build.0 = Debug|Any CPU
		{BEDE79C8-F13D-492E-A4BF-79EACCBDF58B}.Release|Any CPU.ActiveCfg = Release|Any CPU
		{BEDE79C8-F13D-492E-A4BF-79EACCBDF58B}.Release|Any CPU.Build.0 = Release|Any CPU
		{BEDE79C8-F13D-492E-A4BF-79EACCBDF58B}.Release|Mixed Platforms.ActiveCfg = Release|Any CPU
		{BEDE79C8-F13D-492E-A4BF-79EACCBDF58B}.Release|Mixed Platforms.Build.0 = Release|Any CPU
		{BEDE79C8-F13D-492E-A4BF-79EACCBDF58B}.Release|x64.ActiveCfg = Release|Any CPU
		{BEDE79C8-F13D-492E-A4BF-79EACCBDF58B}.Release|x64.Build.0 = Release|Any CPU
		{BEDE79C8-F13D-492E-A4BF-79EACCBDF590}.Debug|Any CPU.ActiveCfg = Debug|Any CPU
		{BEDE79C8-F13D-492E-A4BF-79EACCBDF590}.Debug|Any CPU.Build.0 = Debug|Any CPU
		{BEDE79C8-F13D-492E-A4BF-79EACCBDF590}.Debug|Mixed Platforms.ActiveCfg = Debug|Any CPU
		{BEDE79C8-F13D-492E-A4BF-79EACCBDF590}.Debug|Mixed Platforms.Build.0 = Debug|Any CPU
		{BEDE79C8-F13D-492E-A4BF-79EACCBDF590}.Debug|x64.ActiveCfg = Debug|Any CPU
		{BEDE79C8-F13D-492E-A4BF-79EACCBDF590}.Debug|x64.Build.0 = Debug|Any CPU
		{BEDE79C8-F13D-492E-A4BF-79EACCBDF590}.Release|Any CPU.ActiveCfg = Release|Any CPU
		{BEDE79C8-F13D-492E-A4BF-79EACCBDF590}.Release|Any CPU.Build.0 = Release|Any CPU
		{BEDE79C8-F13D-492E-A4BF-79EACCBDF590}.Release|Mixed Platforms.ActiveCfg = Release|Any CPU
		{BEDE79C8-F13D-492E-A4BF-79EACCBDF590}.Release|Mixed Platforms.Build.0 = Release|Any CPU
		{BEDE79C8-F13D-492E-A4BF-79EACCBDF590}.Release|x64.ActiveCfg = Release|Any CPU
		{BEDE79C8-F13D-492E-A4BF-79EACCBDF590}.Release|x64.Build.0 = Release|Any CPU
		{BEDE79C8-F13D-492E-A4BF-79EACCBDF58C}.Debug|Any CPU.ActiveCfg = Debug|Any CPU
		{BEDE79C8-F13D-492E-A4BF-79EACCBDF58C}.Debug|Any CPU.Build.0 = Debug|Any CPU
		{BEDE79C8-F13D-492E-A4BF-79EACCBDF58C}.Debug|Mixed Platforms.ActiveCfg = Debug|Any CPU
		{BEDE79C8-F13D-492E-A4BF-79EACCBDF58C}.Debug|Mixed Platforms.Build.0 = Debug|Any CPU
		{BEDE79C8-F13D-492E-A4BF-79EACCBDF58C}.Debug|x64.ActiveCfg = Debug|Any CPU
		{BEDE79C8-F13D-492E-A4BF-79EACCBDF58C}.Debug|x64.Build.0 = Debug|Any CPU
		{BEDE79C8-F13D-492E-A4BF-79EACCBDF58C}.Release|Any CPU.ActiveCfg = Release|Any CPU
		{BEDE79C8-F13D-492E-A4BF-79EACCBDF58C}.Release|Any CPU.Build.0 = Release|Any CPU
		{BEDE79C8-F13D-492E-A4BF-79EACCBDF58C}.Release|Mixed Platforms.ActiveCfg = Release|Any CPU
		{BEDE79C8-F13D-492E-A4BF-79EACCBDF58C}.Release|Mixed Platforms.Build.0 = Release|Any CPU
		{BEDE79C8-F13D-492E-A4BF-79EACCBDF58C}.Release|x64.ActiveCfg = Release|Any CPU
		{BEDE79C8-F13D-492E-A4BF-79EACCBDF58C}.Release|x64.Build.0 = Release|Any CPU
		{BEDE79C8-F13D-492E-A4BF-79EACCBDF591}.Debug|Any CPU.ActiveCfg = Debug|Any CPU
		{BEDE79C8-F13D-492E-A4BF-79EACCBDF591}.Debug|Any CPU.Build.0 = Debug|Any CPU
		{BEDE79C8-F13D-492E-A4BF-79EACCBDF591}.Debug|Mixed Platforms.ActiveCfg = Debug|Any CPU
		{BEDE79C8-F13D-492E-A4BF-79EACCBDF591}.Debug|Mixed Platforms.Build.0 = Debug|Any CPU
		{BEDE79C8-F13D-492E-A4BF-79EACCBDF591}.Debug|x64.ActiveCfg = Debug|Any CPU
		{BEDE79C8-F13D-492E-A4BF-79EACCBDF591}.Debug|x64.Build.0 = Debug|Any CPU
		{BEDE79C8-F13D-492E-A4BF-79EACCBDF591}.Release|Any CPU.ActiveCfg = Release|Any CPU
		{BEDE79C8-F13D-492E-A4BF-79EACCBDF591}.Release|Any CPU.Build.0 = Release|Any CPU
		{BEDE79C8-F13D-492E-A4BF-79EACCBDF591}.Release|Mixed Platforms.ActiveCfg = Release|Any CPU
		{BEDE79C8-F13D-492E-A4BF-79EACCBDF591}.Release|Mixed Platforms.Build.0 = Release|Any CPU
		{BEDE79C8-F13D-492E-A4BF-79EACCBDF591}.Release|x64.ActiveCfg = Release|Any CPU
		{BEDE79C8-F13D-492E-A4BF-79EACCBDF591}.Release|x64.Build.0 = Release|Any CPU
		{BEDE79C8-F13D-492E-A4BF-79EACCBDF580}.Debug|Any CPU.ActiveCfg = Debug|Any CPU
		{BEDE79C8-F13D-492E-A4BF-79EACCBDF580}.Debug|Any CPU.Build.0 = Debug|Any CPU
		{BEDE79C8-F13D-492E-A4BF-79EACCBDF580}.Debug|Mixed Platforms.ActiveCfg = Debug|Any CPU
		{BEDE79C8-F13D-492E-A4BF-79EACCBDF580}.Debug|Mixed Platforms.Build.0 = Debug|Any CPU
		{BEDE79C8-F13D-492E-A4BF-79EACCBDF580}.Debug|x64.ActiveCfg = Debug|Any CPU
		{BEDE79C8-F13D-492E-A4BF-79EACCBDF580}.Debug|x64.Build.0 = Debug|Any CPU
		{BEDE79C8-F13D-492E-A4BF-79EACCBDF580}.Release|Any CPU.ActiveCfg = Release|Any CPU
		{BEDE79C8-F13D-492E-A4BF-79EACCBDF580}.Release|Any CPU.Build.0 = Release|Any CPU
		{BEDE79C8-F13D-492E-A4BF-79EACCBDF580}.Release|Mixed Platforms.ActiveCfg = Release|Any CPU
		{BEDE79C8-F13D-492E-A4BF-79EACCBDF580}.Release|Mixed Platforms.Build.0 = Release|Any CPU
		{BEDE79C8-F13D-492E-A4BF-79EACCBDF580}.Release|x64.ActiveCfg = Release|Any CPU
		{BEDE79C8-F13D-492E-A4BF-79EACCBDF580}.Release|x64.Build.0 = Release|Any CPU
		{BEDE79C8-F13D-492E-A4BF-79EACCBDF592}.Debug|Any CPU.ActiveCfg = Debug|Any CPU
		{BEDE79C8-F13D-492E-A4BF-79EACCBDF592}.Debug|Any CPU.Build.0 = Debug|Any CPU
		{BEDE79C8-F13D-492E-A4BF-79EACCBDF592}.Debug|Mixed Platforms.ActiveCfg = Debug|Any CPU
		{BEDE79C8-F13D-492E-A4BF-79EACCBDF592}.Debug|Mixed Platforms.Build.0 = Debug|Any CPU
		{BEDE79C8-F13D-492E-A4BF-79EACCBDF592}.Debug|x64.ActiveCfg = Debug|Any CPU
		{BEDE79C8-F13D-492E-A4BF-79EACCBDF592}.Debug|x64.Build.0 = Debug|Any CPU
		{BEDE79C8-F13D-492E-A4BF-79EACCBDF592}.Release|Any CPU.ActiveCfg = Release|Any CPU
		{BEDE79C8-F13D-492E-A4BF-79EACCBDF592}.Release|Any CPU.Build.0 = Release|Any CPU
		{BEDE79C8-F13D-492E-A4BF-79EACCBDF592}.Release|Mixed Platforms.ActiveCfg = Release|Any CPU
		{BEDE79C8-F13D-492E-A4BF-79EACCBDF592}.Release|Mixed Platforms.Build.0 = Release|Any CPU
		{BEDE79C8-F13D-492E-A4BF-79EACCBDF592}.Release|x64.ActiveCfg = Release|Any CPU
		{BEDE79C8-F13D-492E-A4BF-79EACCBDF592}.Release|x64.Build.0 = Release|Any CPU
		{BEDE79C8-F13D-492E-A4BF-79EACCBDF593}.Debug|Any CPU.ActiveCfg = Debug|Any CPU
		{BEDE79C8-F13D-492E-A4BF-79EACCBDF593}.Debug|Any CPU.Build.0 = Debug|Any CPU
		{BEDE79C8-F13D-492E-A4BF-79EACCBDF593}.Debug|Mixed Platforms.ActiveCfg = Debug|Any CPU
		{BEDE79C8-F13D-492E-A4BF-79EACCBDF593}.Debug|Mixed Platforms.Build.0 = Debug|Any CPU
		{BEDE79C8-F13D-492E-A4BF-79EACCBDF593}.Debug|x64.ActiveCfg = Debug|Any CPU
		{BEDE79C8-F13D-492E-A4BF-79EACCBDF593}.Debug|x64.Build.0 = Debug|Any CPU
		{BEDE79C8-F13D-492E-A4BF-79EACCBDF593}.Release|Any CPU.ActiveCfg = Release|Any CPU
		{BEDE79C8-F13D-492E-A4BF-79EACCBDF593}.Release|Any CPU.Build.0 = Release|Any CPU
		{BEDE79C8-F13D-492E-A4BF-79EACCBDF593}.Release|Mixed Platforms.ActiveCfg = Release|Any CPU
		{BEDE79C8-F13D-492E-A4BF-79EACCBDF593}.Release|Mixed Platforms.Build.0 = Release|Any CPU
		{BEDE79C8-F13D-492E-A4BF-79EACCBDF593}.Release|x64.ActiveCfg = Release|Any CPU
		{BEDE79C8-F13D-492E-A4BF-79EACCBDF593}.Release|x64.Build.0 = Release|Any CPU
		{BEDE79C8-F13D-492E-A4BF-79EACCBDF581}.Debug|Any CPU.ActiveCfg = Debug|Any CPU
		{BEDE79C8-F13D-492E-A4BF-79EACCBDF581}.Debug|Any CPU.Build.0 = Debug|Any CPU
		{BEDE79C8-F13D-492E-A4BF-79EACCBDF581}.Debug|Mixed Platforms.ActiveCfg = Debug|Any CPU
		{BEDE79C8-F13D-492E-A4BF-79EACCBDF581}.Debug|Mixed Platforms.Build.0 = Debug|Any CPU
		{BEDE79C8-F13D-492E-A4BF-79EACCBDF581}.Debug|x64.ActiveCfg = Debug|Any CPU
		{BEDE79C8-F13D-492E-A4BF-79EACCBDF581}.Debug|x64.Build.0 = Debug|Any CPU
		{BEDE79C8-F13D-492E-A4BF-79EACCBDF581}.Release|Any CPU.ActiveCfg = Release|Any CPU
		{BEDE79C8-F13D-492E-A4BF-79EACCBDF581}.Release|Any CPU.Build.0 = Release|Any CPU
		{BEDE79C8-F13D-492E-A4BF-79EACCBDF581}.Release|Mixed Platforms.ActiveCfg = Release|Any CPU
		{BEDE79C8-F13D-492E-A4BF-79EACCBDF581}.Release|Mixed Platforms.Build.0 = Release|Any CPU
		{BEDE79C8-F13D-492E-A4BF-79EACCBDF581}.Release|x64.ActiveCfg = Release|Any CPU
		{BEDE79C8-F13D-492E-A4BF-79EACCBDF581}.Release|x64.Build.0 = Release|Any CPU
		{BEDE79C8-F13D-492E-A4BF-79EACCBDF595}.Debug|Any CPU.ActiveCfg = Debug|Any CPU
		{BEDE79C8-F13D-492E-A4BF-79EACCBDF595}.Debug|Any CPU.Build.0 = Debug|Any CPU
		{BEDE79C8-F13D-492E-A4BF-79EACCBDF595}.Debug|Mixed Platforms.ActiveCfg = Debug|Any CPU
		{BEDE79C8-F13D-492E-A4BF-79EACCBDF595}.Debug|Mixed Platforms.Build.0 = Debug|Any CPU
		{BEDE79C8-F13D-492E-A4BF-79EACCBDF595}.Debug|x64.ActiveCfg = Debug|Any CPU
		{BEDE79C8-F13D-492E-A4BF-79EACCBDF595}.Debug|x64.Build.0 = Debug|Any CPU
		{BEDE79C8-F13D-492E-A4BF-79EACCBDF595}.Release|Any CPU.ActiveCfg = Release|Any CPU
		{BEDE79C8-F13D-492E-A4BF-79EACCBDF595}.Release|Any CPU.Build.0 = Release|Any CPU
		{BEDE79C8-F13D-492E-A4BF-79EACCBDF595}.Release|Mixed Platforms.ActiveCfg = Release|Any CPU
		{BEDE79C8-F13D-492E-A4BF-79EACCBDF595}.Release|Mixed Platforms.Build.0 = Release|Any CPU
		{BEDE79C8-F13D-492E-A4BF-79EACCBDF595}.Release|x64.ActiveCfg = Release|Any CPU
		{BEDE79C8-F13D-492E-A4BF-79EACCBDF595}.Release|x64.Build.0 = Release|Any CPU
		{BEDE79C8-F13D-492E-A4BF-79EACCBDF58D}.Debug|Any CPU.ActiveCfg = Debug|Any CPU
		{BEDE79C8-F13D-492E-A4BF-79EACCBDF58D}.Debug|Any CPU.Build.0 = Debug|Any CPU
		{BEDE79C8-F13D-492E-A4BF-79EACCBDF58D}.Debug|Mixed Platforms.ActiveCfg = Debug|Any CPU
		{BEDE79C8-F13D-492E-A4BF-79EACCBDF58D}.Debug|Mixed Platforms.Build.0 = Debug|Any CPU
		{BEDE79C8-F13D-492E-A4BF-79EACCBDF58D}.Debug|x64.ActiveCfg = Debug|Any CPU
		{BEDE79C8-F13D-492E-A4BF-79EACCBDF58D}.Debug|x64.Build.0 = Debug|Any CPU
		{BEDE79C8-F13D-492E-A4BF-79EACCBDF58D}.Release|Any CPU.ActiveCfg = Release|Any CPU
		{BEDE79C8-F13D-492E-A4BF-79EACCBDF58D}.Release|Any CPU.Build.0 = Release|Any CPU
		{BEDE79C8-F13D-492E-A4BF-79EACCBDF58D}.Release|Mixed Platforms.ActiveCfg = Release|Any CPU
		{BEDE79C8-F13D-492E-A4BF-79EACCBDF58D}.Release|Mixed Platforms.Build.0 = Release|Any CPU
		{BEDE79C8-F13D-492E-A4BF-79EACCBDF58D}.Release|x64.ActiveCfg = Release|Any CPU
		{BEDE79C8-F13D-492E-A4BF-79EACCBDF58D}.Release|x64.Build.0 = Release|Any CPU
		{BEDE79C8-F13D-492E-A4BF-79EACCBDF582}.Debug|Any CPU.ActiveCfg = Debug|x64
		{BEDE79C8-F13D-492E-A4BF-79EACCBDF582}.Debug|Any CPU.Build.0 = Debug|x64
		{BEDE79C8-F13D-492E-A4BF-79EACCBDF582}.Debug|Mixed Platforms.ActiveCfg = Debug|x64
		{BEDE79C8-F13D-492E-A4BF-79EACCBDF582}.Debug|Mixed Platforms.Build.0 = Debug|x64
		{BEDE79C8-F13D-492E-A4BF-79EACCBDF582}.Debug|x64.ActiveCfg = Debug|x64
		{BEDE79C8-F13D-492E-A4BF-79EACCBDF582}.Debug|x64.Build.0 = Debug|x64
		{BEDE79C8-F13D-492E-A4BF-79EACCBDF582}.Release|Any CPU.ActiveCfg = Release|x64
		{BEDE79C8-F13D-492E-A4BF-79EACCBDF582}.Release|Any CPU.Build.0 = Release|x64
		{BEDE79C8-F13D-492E-A4BF-79EACCBDF582}.Release|Mixed Platforms.ActiveCfg = Release|x64
		{BEDE79C8-F13D-492E-A4BF-79EACCBDF582}.Release|Mixed Platforms.Build.0 = Release|x64
		{BEDE79C8-F13D-492E-A4BF-79EACCBDF582}.Release|x64.ActiveCfg = Release|x64
		{BEDE79C8-F13D-492E-A4BF-79EACCBDF582}.Release|x64.Build.0 = Release|x64
		{BEDE79C8-F13D-492E-A4BF-79EACCBDF587}.Debug|Any CPU.ActiveCfg = Debug|x64
		{BEDE79C8-F13D-492E-A4BF-79EACCBDF587}.Debug|Any CPU.Build.0 = Debug|x64
		{BEDE79C8-F13D-492E-A4BF-79EACCBDF587}.Debug|Mixed Platforms.ActiveCfg = Debug|x64
		{BEDE79C8-F13D-492E-A4BF-79EACCBDF587}.Debug|Mixed Platforms.Build.0 = Debug|x64
		{BEDE79C8-F13D-492E-A4BF-79EACCBDF587}.Debug|x64.ActiveCfg = Debug|x64
		{BEDE79C8-F13D-492E-A4BF-79EACCBDF587}.Debug|x64.Build.0 = Debug|x64
		{BEDE79C8-F13D-492E-A4BF-79EACCBDF587}.Release|Any CPU.ActiveCfg = Release|x64
		{BEDE79C8-F13D-492E-A4BF-79EACCBDF587}.Release|Any CPU.Build.0 = Release|x64
		{BEDE79C8-F13D-492E-A4BF-79EACCBDF587}.Release|Mixed Platforms.ActiveCfg = Release|x64
		{BEDE79C8-F13D-492E-A4BF-79EACCBDF587}.Release|Mixed Platforms.Build.0 = Release|x64
		{BEDE79C8-F13D-492E-A4BF-79EACCBDF587}.Release|x64.ActiveCfg = Release|x64
		{BEDE79C8-F13D-492E-A4BF-79EACCBDF587}.Release|x64.Build.0 = Release|x64
		{BEDE79C8-F13D-492E-A4BF-79EACCBDF596}.Debug|Any CPU.ActiveCfg = Debug|Any CPU
		{BEDE79C8-F13D-492E-A4BF-79EACCBDF596}.Debug|Any CPU.Build.0 = Debug|Any CPU
		{BEDE79C8-F13D-492E-A4BF-79EACCBDF596}.Debug|Mixed Platforms.ActiveCfg = Debug|Any CPU
		{BEDE79C8-F13D-492E-A4BF-79EACCBDF596}.Debug|Mixed Platforms.Build.0 = Debug|Any CPU
		{BEDE79C8-F13D-492E-A4BF-79EACCBDF596}.Debug|x64.ActiveCfg = Debug|Any CPU
		{BEDE79C8-F13D-492E-A4BF-79EACCBDF596}.Debug|x64.Build.0 = Debug|Any CPU
		{BEDE79C8-F13D-492E-A4BF-79EACCBDF596}.Release|Any CPU.ActiveCfg = Release|Any CPU
		{BEDE79C8-F13D-492E-A4BF-79EACCBDF596}.Release|Any CPU.Build.0 = Release|Any CPU
		{BEDE79C8-F13D-492E-A4BF-79EACCBDF596}.Release|Mixed Platforms.ActiveCfg = Release|Any CPU
		{BEDE79C8-F13D-492E-A4BF-79EACCBDF596}.Release|Mixed Platforms.Build.0 = Release|Any CPU
		{BEDE79C8-F13D-492E-A4BF-79EACCBDF596}.Release|x64.ActiveCfg = Release|Any CPU
		{BEDE79C8-F13D-492E-A4BF-79EACCBDF596}.Release|x64.Build.0 = Release|Any CPU
		{BEDE79C8-F13D-492E-A4BF-79EACCBDF597}.Debug|Any CPU.ActiveCfg = Debug|Any CPU
		{BEDE79C8-F13D-492E-A4BF-79EACCBDF597}.Debug|Any CPU.Build.0 = Debug|Any CPU
		{BEDE79C8-F13D-492E-A4BF-79EACCBDF597}.Debug|Mixed Platforms.ActiveCfg = Debug|Any CPU
		{BEDE79C8-F13D-492E-A4BF-79EACCBDF597}.Debug|Mixed Platforms.Build.0 = Debug|Any CPU
		{BEDE79C8-F13D-492E-A4BF-79EACCBDF597}.Debug|x64.ActiveCfg = Debug|Any CPU
		{BEDE79C8-F13D-492E-A4BF-79EACCBDF597}.Debug|x64.Build.0 = Debug|Any CPU
		{BEDE79C8-F13D-492E-A4BF-79EACCBDF597}.Release|Any CPU.ActiveCfg = Release|Any CPU
		{BEDE79C8-F13D-492E-A4BF-79EACCBDF597}.Release|Any CPU.Build.0 = Release|Any CPU
		{BEDE79C8-F13D-492E-A4BF-79EACCBDF597}.Release|Mixed Platforms.ActiveCfg = Release|Any CPU
		{BEDE79C8-F13D-492E-A4BF-79EACCBDF597}.Release|Mixed Platforms.Build.0 = Release|Any CPU
		{BEDE79C8-F13D-492E-A4BF-79EACCBDF597}.Release|x64.ActiveCfg = Release|Any CPU
		{BEDE79C8-F13D-492E-A4BF-79EACCBDF597}.Release|x64.Build.0 = Release|Any CPU
		{BEDE79C8-F13D-492E-A4BF-79EACCBDF588}.Debug|Any CPU.ActiveCfg = Debug|Any CPU
		{BEDE79C8-F13D-492E-A4BF-79EACCBDF588}.Debug|Any CPU.Build.0 = Debug|Any CPU
		{BEDE79C8-F13D-492E-A4BF-79EACCBDF588}.Debug|Mixed Platforms.ActiveCfg = Debug|Any CPU
		{BEDE79C8-F13D-492E-A4BF-79EACCBDF588}.Debug|Mixed Platforms.Build.0 = Debug|Any CPU
		{BEDE79C8-F13D-492E-A4BF-79EACCBDF588}.Debug|x64.ActiveCfg = Debug|Any CPU
		{BEDE79C8-F13D-492E-A4BF-79EACCBDF588}.Debug|x64.Build.0 = Debug|Any CPU
		{BEDE79C8-F13D-492E-A4BF-79EACCBDF588}.Release|Any CPU.ActiveCfg = Release|Any CPU
		{BEDE79C8-F13D-492E-A4BF-79EACCBDF588}.Release|Any CPU.Build.0 = Release|Any CPU
		{BEDE79C8-F13D-492E-A4BF-79EACCBDF588}.Release|Mixed Platforms.ActiveCfg = Release|Any CPU
		{BEDE79C8-F13D-492E-A4BF-79EACCBDF588}.Release|Mixed Platforms.Build.0 = Release|Any CPU
		{BEDE79C8-F13D-492E-A4BF-79EACCBDF588}.Release|x64.ActiveCfg = Release|Any CPU
		{BEDE79C8-F13D-492E-A4BF-79EACCBDF588}.Release|x64.Build.0 = Release|Any CPU
		{BEDE79C8-F13D-492E-A4BF-79EACCBDF598}.Debug|Any CPU.ActiveCfg = Debug|Any CPU
		{BEDE79C8-F13D-492E-A4BF-79EACCBDF598}.Debug|Any CPU.Build.0 = Debug|Any CPU
		{BEDE79C8-F13D-492E-A4BF-79EACCBDF598}.Debug|Mixed Platforms.ActiveCfg = Debug|Any CPU
		{BEDE79C8-F13D-492E-A4BF-79EACCBDF598}.Debug|Mixed Platforms.Build.0 = Debug|Any CPU
		{BEDE79C8-F13D-492E-A4BF-79EACCBDF598}.Debug|x64.ActiveCfg = Debug|Any CPU
		{BEDE79C8-F13D-492E-A4BF-79EACCBDF598}.Debug|x64.Build.0 = Debug|Any CPU
		{BEDE79C8-F13D-492E-A4BF-79EACCBDF598}.Release|Any CPU.ActiveCfg = Release|Any CPU
		{BEDE79C8-F13D-492E-A4BF-79EACCBDF598}.Release|Any CPU.Build.0 = Release|Any CPU
		{BEDE79C8-F13D-492E-A4BF-79EACCBDF598}.Release|Mixed Platforms.ActiveCfg = Release|Any CPU
		{BEDE79C8-F13D-492E-A4BF-79EACCBDF598}.Release|Mixed Platforms.Build.0 = Release|Any CPU
		{BEDE79C8-F13D-492E-A4BF-79EACCBDF598}.Release|x64.ActiveCfg = Release|Any CPU
		{BEDE79C8-F13D-492E-A4BF-79EACCBDF598}.Release|x64.Build.0 = Release|Any CPU
		{BEDE79C8-F13D-492E-A4BF-79EACCBDF589}.Debug|Any CPU.ActiveCfg = Debug|Any CPU
		{BEDE79C8-F13D-492E-A4BF-79EACCBDF589}.Debug|Any CPU.Build.0 = Debug|Any CPU
		{BEDE79C8-F13D-492E-A4BF-79EACCBDF589}.Debug|Mixed Platforms.ActiveCfg = Debug|Any CPU
		{BEDE79C8-F13D-492E-A4BF-79EACCBDF589}.Debug|Mixed Platforms.Build.0 = Debug|Any CPU
		{BEDE79C8-F13D-492E-A4BF-79EACCBDF589}.Debug|x64.ActiveCfg = Debug|Any CPU
		{BEDE79C8-F13D-492E-A4BF-79EACCBDF589}.Debug|x64.Build.0 = Debug|Any CPU
		{BEDE79C8-F13D-492E-A4BF-79EACCBDF589}.Release|Any CPU.ActiveCfg = Release|Any CPU
		{BEDE79C8-F13D-492E-A4BF-79EACCBDF589}.Release|Any CPU.Build.0 = Release|Any CPU
		{BEDE79C8-F13D-492E-A4BF-79EACCBDF589}.Release|Mixed Platforms.ActiveCfg = Release|Any CPU
		{BEDE79C8-F13D-492E-A4BF-79EACCBDF589}.Release|Mixed Platforms.Build.0 = Release|Any CPU
		{BEDE79C8-F13D-492E-A4BF-79EACCBDF589}.Release|x64.ActiveCfg = Release|Any CPU
		{BEDE79C8-F13D-492E-A4BF-79EACCBDF589}.Release|x64.Build.0 = Release|Any CPU
		{BEDE79C8-F13D-492E-A4BF-79EACCBDF599}.Debug|Any CPU.ActiveCfg = Debug|Any CPU
		{BEDE79C8-F13D-492E-A4BF-79EACCBDF599}.Debug|Any CPU.Build.0 = Debug|Any CPU
		{BEDE79C8-F13D-492E-A4BF-79EACCBDF599}.Debug|Mixed Platforms.ActiveCfg = Debug|Any CPU
		{BEDE79C8-F13D-492E-A4BF-79EACCBDF599}.Debug|Mixed Platforms.Build.0 = Debug|Any CPU
		{BEDE79C8-F13D-492E-A4BF-79EACCBDF599}.Debug|x64.ActiveCfg = Debug|Any CPU
		{BEDE79C8-F13D-492E-A4BF-79EACCBDF599}.Debug|x64.Build.0 = Debug|Any CPU
		{BEDE79C8-F13D-492E-A4BF-79EACCBDF599}.Release|Any CPU.ActiveCfg = Release|Any CPU
		{BEDE79C8-F13D-492E-A4BF-79EACCBDF599}.Release|Any CPU.Build.0 = Release|Any CPU
		{BEDE79C8-F13D-492E-A4BF-79EACCBDF599}.Release|Mixed Platforms.ActiveCfg = Release|Any CPU
		{BEDE79C8-F13D-492E-A4BF-79EACCBDF599}.Release|Mixed Platforms.Build.0 = Release|Any CPU
		{BEDE79C8-F13D-492E-A4BF-79EACCBDF599}.Release|x64.ActiveCfg = Release|Any CPU
		{BEDE79C8-F13D-492E-A4BF-79EACCBDF599}.Release|x64.Build.0 = Release|Any CPU
		{BEDE79C8-F13D-492E-A4BF-79EACCBDF58E}.Debug|Any CPU.ActiveCfg = Debug|Any CPU
		{BEDE79C8-F13D-492E-A4BF-79EACCBDF58E}.Debug|Any CPU.Build.0 = Debug|Any CPU
		{BEDE79C8-F13D-492E-A4BF-79EACCBDF58E}.Debug|Mixed Platforms.ActiveCfg = Debug|Any CPU
		{BEDE79C8-F13D-492E-A4BF-79EACCBDF58E}.Debug|Mixed Platforms.Build.0 = Debug|Any CPU
		{BEDE79C8-F13D-492E-A4BF-79EACCBDF58E}.Debug|x64.ActiveCfg = Debug|Any CPU
		{BEDE79C8-F13D-492E-A4BF-79EACCBDF58E}.Debug|x64.Build.0 = Debug|Any CPU
		{BEDE79C8-F13D-492E-A4BF-79EACCBDF58E}.Release|Any CPU.ActiveCfg = Release|Any CPU
		{BEDE79C8-F13D-492E-A4BF-79EACCBDF58E}.Release|Any CPU.Build.0 = Release|Any CPU
		{BEDE79C8-F13D-492E-A4BF-79EACCBDF58E}.Release|Mixed Platforms.ActiveCfg = Release|Any CPU
		{BEDE79C8-F13D-492E-A4BF-79EACCBDF58E}.Release|Mixed Platforms.Build.0 = Release|Any CPU
		{BEDE79C8-F13D-492E-A4BF-79EACCBDF58E}.Release|x64.ActiveCfg = Release|Any CPU
		{BEDE79C8-F13D-492E-A4BF-79EACCBDF58E}.Release|x64.Build.0 = Release|Any CPU
	EndGlobalSection
	GlobalSection(SolutionProperties) = preSolution
		HideSolutionNode = FALSE
	EndGlobalSection
EndGlobal
